
Microsoft Visual Studio Solution File, Format Version 12.00
# Visual Studio Version 17
VisualStudioVersion = 17.0.31903.59
MinimumVisualStudioVersion = 10.0.40219.1
Project("{2150E333-8FDC-42A3-9474-1A3956D46DE8}") = "src", "src", "{827E0CD3-B72D-47B6-A68D-7590B98EB39B}"
EndProject
Project("{FAE04EC0-301F-11D3-BF4B-00C04F79EFBC}") = "Audiarr.Core", "src\Audiarr.Core\Audiarr.Core.csproj", "{1F179E6B-1590-4448-9188-8F0542C5567C}"
EndProject
Project("{FAE04EC0-301F-11D3-BF4B-00C04F79EFBC}") = "Audiarr.Data", "src\Audiarr.Data\Audiarr.Data.csproj", "{0E048841-6654-4CF0-AB2E-29F1FFCA02F0}"
EndProject
Project("{FAE04EC0-301F-11D3-BF4B-00C04F79EFBC}") = "Audiarr.Services", "src\Audiarr.Services\Audiarr.Services.csproj", "{DBA74572-BF15-476F-8566-C7C1B44DBCB3}"
EndProject
Project("{2150E333-8FDC-42A3-9474-1A3956D46DE8}") = "tests", "tests", "{0AB3BF05-4346-4AA6-1389-037BE0695223}"
EndProject
Project("{FAE04EC0-301F-11D3-BF4B-00C04F79EFBC}") = "Audiarr.Tests", "tests\Audiarr.Tests\Audiarr.Tests.csproj", "{B954BE98-A2CD-4FEC-833A-6B1A3CFFEED8}"
EndProject
Project("{FAE04EC0-301F-11D3-BF4B-00C04F79EFBC}") = "Audiarr.Api", "src\Audiarr.Api\Audiarr.Api.csproj", "{1F0E0FFC-8310-4606-9C15-9721EE2228E6}"
EndProject
Global
	GlobalSection(SolutionConfigurationPlatforms) = preSolution
		Debug|Any CPU = Debug|Any CPU
		Debug|x64 = Debug|x64
		Debug|x86 = Debug|x86
		Release|Any CPU = Release|Any CPU
		Release|x64 = Release|x64
		Release|x86 = Release|x86
	EndGlobalSection
	GlobalSection(ProjectConfigurationPlatforms) = postSolution
		{1F179E6B-1590-4448-9188-8F0542C5567C}.Debug|Any CPU.ActiveCfg = Debug|Any CPU
		{1F179E6B-1590-4448-9188-8F0542C5567C}.Debug|Any CPU.Build.0 = Debug|Any CPU
		{1F179E6B-1590-4448-9188-8F0542C5567C}.Debug|x64.ActiveCfg = Debug|Any CPU
		{1F179E6B-1590-4448-9188-8F0542C5567C}.Debug|x64.Build.0 = Debug|Any CPU
		{1F179E6B-1590-4448-9188-8F0542C5567C}.Debug|x86.ActiveCfg = Debug|Any CPU
		{1F179E6B-1590-4448-9188-8F0542C5567C}.Debug|x86.Build.0 = Debug|Any CPU
		{1F179E6B-1590-4448-9188-8F0542C5567C}.Release|Any CPU.ActiveCfg = Release|Any CPU
		{1F179E6B-1590-4448-9188-8F0542C5567C}.Release|Any CPU.Build.0 = Release|Any CPU
		{1F179E6B-1590-4448-9188-8F0542C5567C}.Release|x64.ActiveCfg = Release|Any CPU
		{1F179E6B-1590-4448-9188-8F0542C5567C}.Release|x64.Build.0 = Release|Any CPU
		{1F179E6B-1590-4448-9188-8F0542C5567C}.Release|x86.ActiveCfg = Release|Any CPU
		{1F179E6B-1590-4448-9188-8F0542C5567C}.Release|x86.Build.0 = Release|Any CPU
		{0E048841-6654-4CF0-AB2E-29F1FFCA02F0}.Debug|Any CPU.ActiveCfg = Debug|Any CPU
		{0E048841-6654-4CF0-AB2E-29F1FFCA02F0}.Debug|Any CPU.Build.0 = Debug|Any CPU
		{0E048841-6654-4CF0-AB2E-29F1FFCA02F0}.Debug|x64.ActiveCfg = Debug|Any CPU
		{0E048841-6654-4CF0-AB2E-29F1FFCA02F0}.Debug|x64.Build.0 = Debug|Any CPU
		{0E048841-6654-4CF0-AB2E-29F1FFCA02F0}.Debug|x86.ActiveCfg = Debug|Any CPU
		{0E048841-6654-4CF0-AB2E-29F1FFCA02F0}.Debug|x86.Build.0 = Debug|Any CPU
		{0E048841-6654-4CF0-AB2E-29F1FFCA02F0}.Release|Any CPU.ActiveCfg = Release|Any CPU
		{0E048841-6654-4CF0-AB2E-29F1FFCA02F0}.Release|Any CPU.Build.0 = Release|Any CPU
		{0E048841-6654-4CF0-AB2E-29F1FFCA02F0}.Release|x64.ActiveCfg = Release|Any CPU
		{0E048841-6654-4CF0-AB2E-29F1FFCA02F0}.Release|x64.Build.0 = Release|Any CPU
		{0E048841-6654-4CF0-AB2E-29F1FFCA02F0}.Release|x86.ActiveCfg = Release|Any CPU
		{0E048841-6654-4CF0-AB2E-29F1FFCA02F0}.Release|x86.Build.0 = Release|Any CPU
		{DBA74572-BF15-476F-8566-C7C1B44DBCB3}.Debug|Any CPU.ActiveCfg = Debug|Any CPU
		{DBA74572-BF15-476F-8566-C7C1B44DBCB3}.Debug|Any CPU.Build.0 = Debug|Any CPU
		{DBA74572-BF15-476F-8566-C7C1B44DBCB3}.Debug|x64.ActiveCfg = Debug|Any CPU
		{DBA74572-BF15-476F-8566-C7C1B44DBCB3}.Debug|x64.Build.0 = Debug|Any CPU
		{DBA74572-BF15-476F-8566-C7C1B44DBCB3}.Debug|x86.ActiveCfg = Debug|Any CPU
		{DBA74572-BF15-476F-8566-C7C1B44DBCB3}.Debug|x86.Build.0 = Debug|Any CPU
		{DBA74572-BF15-476F-8566-C7C1B44DBCB3}.Release|Any CPU.ActiveCfg = Release|Any CPU
		{DBA74572-BF15-476F-8566-C7C1B44DBCB3}.Release|Any CPU.Build.0 = Release|Any CPU
		{DBA74572-BF15-476F-8566-C7C1B44DBCB3}.Release|x64.ActiveCfg = Release|Any CPU
		{DBA74572-BF15-476F-8566-C7C1B44DBCB3}.Release|x64.Build.0 = Release|Any CPU
		{DBA74572-BF15-476F-8566-C7C1B44DBCB3}.Release|x86.ActiveCfg = Release|Any CPU
		{DBA74572-BF15-476F-8566-C7C1B44DBCB3}.Release|x86.Build.0 = Release|Any CPU
		{B954BE98-A2CD-4FEC-833A-6B1A3CFFEED8}.Debug|Any CPU.ActiveCfg = Debug|Any CPU
		{B954BE98-A2CD-4FEC-833A-6B1A3CFFEED8}.Debug|Any CPU.Build.0 = Debug|Any CPU
		{B954BE98-A2CD-4FEC-833A-6B1A3CFFEED8}.Debug|x64.ActiveCfg = Debug|Any CPU
		{B954BE98-A2CD-4FEC-833A-6B1A3CFFEED8}.Debug|x64.Build.0 = Debug|Any CPU
		{B954BE98-A2CD-4FEC-833A-6B1A3CFFEED8}.Debug|x86.ActiveCfg = Debug|Any CPU
		{B954BE98-A2CD-4FEC-833A-6B1A3CFFEED8}.Debug|x86.Build.0 = Debug|Any CPU
		{B954BE98-A2CD-4FEC-833A-6B1A3CFFEED8}.Release|Any CPU.ActiveCfg = Release|Any CPU
		{B954BE98-A2CD-4FEC-833A-6B1A3CFFEED8}.Release|Any CPU.Build.0 = Release|Any CPU
		{B954BE98-A2CD-4FEC-833A-6B1A3CFFEED8}.Release|x64.ActiveCfg = Release|Any CPU
		{B954BE98-A2CD-4FEC-833A-6B1A3CFFEED8}.Release|x64.Build.0 = Release|Any CPU
		{B954BE98-A2CD-4FEC-833A-6B1A3CFFEED8}.Release|x86.ActiveCfg = Release|Any CPU
		{B954BE98-A2CD-4FEC-833A-6B1A3CFFEED8}.Release|x86.Build.0 = Release|Any CPU
		{1F0E0FFC-8310-4606-9C15-9721EE2228E6}.Debug|Any CPU.ActiveCfg = Debug|Any CPU
		{1F0E0FFC-8310-4606-9C15-9721EE2228E6}.Debug|Any CPU.Build.0 = Debug|Any CPU
		{1F0E0FFC-8310-4606-9C15-9721EE2228E6}.Debug|x64.ActiveCfg = Debug|Any CPU
		{1F0E0FFC-8310-4606-9C15-9721EE2228E6}.Debug|x64.Build.0 = Debug|Any CPU
		{1F0E0FFC-8310-4606-9C15-9721EE2228E6}.Debug|x86.ActiveCfg = Debug|Any CPU
		{1F0E0FFC-8310-4606-9C15-9721EE2228E6}.Debug|x86.Build.0 = Debug|Any CPU
		{1F0E0FFC-8310-4606-9C15-9721EE2228E6}.Release|Any CPU.ActiveCfg = Release|Any CPU
		{1F0E0FFC-8310-4606-9C15-9721EE2228E6}.Release|Any CPU.Build.0 = Release|Any CPU
		{1F0E0FFC-8310-4606-9C15-9721EE2228E6}.Release|x64.ActiveCfg = Release|Any CPU
		{1F0E0FFC-8310-4606-9C15-9721EE2228E6}.Release|x64.Build.0 = Release|Any CPU
		{1F0E0FFC-8310-4606-9C15-9721EE2228E6}.Release|x86.ActiveCfg = Release|Any CPU
		{1F0E0FFC-8310-4606-9C15-9721EE2228E6}.Release|x86.Build.0 = Release|Any CPU
	EndGlobalSection
	GlobalSection(SolutionProperties) = preSolution
		HideSolutionNode = FALSE
	EndGlobalSection
	GlobalSection(NestedProjects) = preSolution
		{1F179E6B-1590-4448-9188-8F0542C5567C} = {827E0CD3-B72D-47B6-A68D-7590B98EB39B}
		{0E048841-6654-4CF0-AB2E-29F1FFCA02F0} = {827E0CD3-B72D-47B6-A68D-7590B98EB39B}
		{DBA74572-BF15-476F-8566-C7C1B44DBCB3} = {827E0CD3-B72D-47B6-A68D-7590B98EB39B}
		{B954BE98-A2CD-4FEC-833A-6B1A3CFFEED8} = {0AB3BF05-4346-4AA6-1389-037BE0695223}
		{1F0E0FFC-8310-4606-9C15-9721EE2228E6} = {827E0CD3-B72D-47B6-A68D-7590B98EB39B}
	EndGlobalSection
EndGlobal
