Microsoft Visual Studio Solution File, Format Version 12.00
# Visual Studio Version 17
VisualStudioVersion = 17.5.2.0
MinimumVisualStudioVersion = 10.0.40219.1
Project("{FAE04EC0-301F-11D3-BF4B-00C04F79EFBC}") = "audiarr", "audiarr.csproj", "{4BA3B3CA-5429-0F4E-43AB-9D38AD48C295}"
EndProject
Global
	GlobalSection(SolutionConfigurationPlatforms) = preSolution
		Debug|Any CPU = Debug|Any CPU
		Release|Any CPU = Release|Any CPU
	EndGlobalSection
	GlobalSection(ProjectConfigurationPlatforms) = postSolution
		{4BA3B3CA-5429-0F4E-43AB-9D38AD48C295}.Debug|Any CPU.ActiveCfg = Debug|Any CPU
		{4BA3B3CA-5429-0F4E-43AB-9D38AD48C295}.Debug|Any CPU.Build.0 = Debug|Any CPU
		{4BA3B3CA-5429-0F4E-43AB-9D38AD48C295}.Release|Any CPU.ActiveCfg = Release|Any CPU
		{4BA3B3CA-5429-0F4E-43AB-9D38AD48C295}.Release|Any CPU.Build.0 = Release|Any CPU
	EndGlobalSection
	GlobalSection(SolutionProperties) = preSolution
		HideSolutionNode = FALSE
	EndGlobalSection
	GlobalSection(ExtensibilityGlobals) = postSolution
		SolutionGuid = {EE4B2CD1-39A7-4A30-8F0A-3B8F14FF4667}
	EndGlobalSection
EndGlobal
